# THIS IS AN AUTOGENERATED FILE. DO NOT EDIT THIS FILE DIRECTLY.
# yarn lockfile v1


axios@^0.17.0:
  version "0.17.0"
  resolved "https://registry.yarnpkg.com/axios/-/axios-0.17.0.tgz#7da747916db803f761651d6091d708789b953c6a"
  dependencies:
    follow-redirects "^1.2.3"
    is-buffer "^1.1.5"

base64-js@0.0.8:
  version "0.0.8"
  resolved "https://registry.yarnpkg.com/base64-js/-/base64-js-0.0.8.tgz#1101e9544f4a76b1bc3b26d452ca96d7a35e7978"

buffer@^3.0.1:
  version "3.6.0"
  resolved "https://registry.yarnpkg.com/buffer/-/buffer-3.6.0.tgz#a72c936f77b96bf52f5f7e7b467180628551defb"
  dependencies:
    base64-js "0.0.8"
    ieee754 "^1.1.4"
    isarray "^1.0.0"

config@^1.28.1:
  version "1.28.1"
  resolved "https://registry.yarnpkg.com/config/-/config-1.28.1.tgz#7625d2a1e4c90f131d8a73347982d93c3873282d"
  dependencies:
    json5 "0.4.0"
    os-homedir "1.0.2"

debug@^2.6.9:
  version "2.6.9"
  resolved "https://registry.yarnpkg.com/debug/-/debug-2.6.9.tgz#5d128515df134ff327e90a4c93f4e077a536341f"
  dependencies:
    ms "2.0.0"

follow-redirects@^1.2.3:
  version "1.2.5"
  resolved "https://registry.yarnpkg.com/follow-redirects/-/follow-redirects-1.2.5.tgz#ffd3e14cbdd5eaa72f61b6368c1f68516c2a26cc"
  dependencies:
    debug "^2.6.9"

ieee754@^1.1.4:
  version "1.1.8"
  resolved "https://registry.yarnpkg.com/ieee754/-/ieee754-1.1.8.tgz#be33d40ac10ef1926701f6f08a2d86fbfd1ad3e4"

is-buffer@^1.1.5:
  version "1.1.6"
  resolved "https://registry.yarnpkg.com/is-buffer/-/is-buffer-1.1.6.tgz#efaa2ea9daa0d7ab2ea13a97b2b8ad51fefbe8be"

isarray@^1.0.0:
  version "1.0.0"
  resolved "https://registry.yarnpkg.com/isarray/-/isarray-1.0.0.tgz#bb935d48582cba168c06834957a54a3e07124f11"

json5@0.4.0:
  version "0.4.0"
  resolved "https://registry.yarnpkg.com/json5/-/json5-0.4.0.tgz#054352e4c4c80c86c0923877d449de176a732c8d"

ms@2.0.0:
  version "2.0.0"
  resolved "https://registry.yarnpkg.com/ms/-/ms-2.0.0.tgz#5608aeadfc00be6c2901df5f9861788de0d597c8"

os-homedir@1.0.2:
  version "1.0.2"
  resolved "https://registry.yarnpkg.com/os-homedir/-/os-homedir-1.0.2.tgz#ffbc4988336e0e833de0c168c7ef152121aa7fb3"

sax@^1.2.4:
  version "1.2.4"
  resolved "https://registry.yarnpkg.com/sax/-/sax-1.2.4.tgz#2816234e2378bddc4e5354fab5caa895df7100d9"

through@^2.3.6:
  version "2.3.8"
  resolved "https://registry.yarnpkg.com/through/-/through-2.3.8.tgz#0dd4c9ffaabc357960b1b724115d7e0e86a2e1f5"

unbzip2-stream@^1.2.5:
  version "1.2.5"
  resolved "https://registry.yarnpkg.com/unbzip2-stream/-/unbzip2-stream-1.2.5.tgz#73a033a567bbbde59654b193c44d48a7e4f43c47"
  dependencies:
    buffer "^3.0.1"
    through "^2.3.6"
